
Microsoft Visual Studio Solution File, Format Version 12.00
# Visual Studio Version 17
VisualStudioVersion = 17.9.34728.123
MinimumVisualStudioVersion = 10.0.40219.1
Project("{9A19103F-16F7-4668-BE54-9A1E7A4F7556}") = "Zadacha1", "Zadacha1.csproj", "{ABA1AABB-0163-46A8-94C1-AA3A02CDC3BD}"
EndProject
Project("{9A19103F-16F7-4668-BE54-9A1E7A4F7556}") = "Zadacha2", "..\sredno atermetichno\Zadacha2.csproj", "{7A4C3493-D0B3-4805-AB9E-18E8A32F5454}"
EndProject
Project("{9A19103F-16F7-4668-BE54-9A1E7A4F7556}") = "Zadacha3", "..\matrix\Zadacha3.csproj", "{2A3CDF63-15D0-4B56-9E26-5B287E7458C9}"
EndProject
Project("{9A19103F-16F7-4668-BE54-9A1E7A4F7556}") = "Zadacha4", "..\koreni i polenom\Zadacha4.csproj", "{F742438D-8644-4DB4-A714-36D8F6C97D40}"
EndProject
Project("{9A19103F-16F7-4668-BE54-9A1E7A4F7556}") = "Zadacha5", "..\3D\Zadacha5.csproj", "{D1AB0A18-A988-4178-8B32-76273364473A}"
EndProject
Project("{9A19103F-16F7-4668-BE54-9A1E7A4F7556}") = "Zadacha6", "..\sechenie obedinenie razlika\Zadacha6.csproj", "{F0A1B42A-56E9-4AE8-8A35-49A5A6F4C81C}"
EndProject
Project("{9A19103F-16F7-4668-BE54-9A1E7A4F7556}") = "Zadacha7", "..\P K V\Zadacha7.csproj", "{50CD946B-5138-4DBE-854B-C12D20F6D460}"
EndProject
Project("{9A19103F-16F7-4668-BE54-9A1E7A4F7556}") = "Zadacha8", "..\100 000\Zadacha8.csproj", "{E4A2512D-C09A-4118-9737-996B0EF258D3}"
EndProject
Global
	GlobalSection(SolutionConfigurationPlatforms) = preSolution
		Debug|Any CPU = Debug|Any CPU
		Release|Any CPU = Release|Any CPU
	EndGlobalSection
	GlobalSection(ProjectConfigurationPlatforms) = postSolution
		{ABA1AABB-0163-46A8-94C1-AA3A02CDC3BD}.Debug|Any CPU.ActiveCfg = Debug|Any CPU
		{ABA1AABB-0163-46A8-94C1-AA3A02CDC3BD}.Debug|Any CPU.Build.0 = Debug|Any CPU
		{ABA1AABB-0163-46A8-94C1-AA3A02CDC3BD}.Release|Any CPU.ActiveCfg = Release|Any CPU
		{ABA1AABB-0163-46A8-94C1-AA3A02CDC3BD}.Release|Any CPU.Build.0 = Release|Any CPU
		{7A4C3493-D0B3-4805-AB9E-18E8A32F5454}.Debug|Any CPU.ActiveCfg = Debug|Any CPU
		{7A4C3493-D0B3-4805-AB9E-18E8A32F5454}.Debug|Any CPU.Build.0 = Debug|Any CPU
		{7A4C3493-D0B3-4805-AB9E-18E8A32F5454}.Release|Any CPU.ActiveCfg = Release|Any CPU
		{7A4C3493-D0B3-4805-AB9E-18E8A32F5454}.Release|Any CPU.Build.0 = Release|Any CPU
		{2A3CDF63-15D0-4B56-9E26-5B287E7458C9}.Debug|Any CPU.ActiveCfg = Debug|Any CPU
		{2A3CDF63-15D0-4B56-9E26-5B287E7458C9}.Debug|Any CPU.Build.0 = Debug|Any CPU
		{2A3CDF63-15D0-4B56-9E26-5B287E7458C9}.Release|Any CPU.ActiveCfg = Release|Any CPU
		{2A3CDF63-15D0-4B56-9E26-5B287E7458C9}.Release|Any CPU.Build.0 = Release|Any CPU
		{F742438D-8644-4DB4-A714-36D8F6C97D40}.Debug|Any CPU.ActiveCfg = Debug|Any CPU
		{F742438D-8644-4DB4-A714-36D8F6C97D40}.Debug|Any CPU.Build.0 = Debug|Any CPU
		{F742438D-8644-4DB4-A714-36D8F6C97D40}.Release|Any CPU.ActiveCfg = Release|Any CPU
		{F742438D-8644-4DB4-A714-36D8F6C97D40}.Release|Any CPU.Build.0 = Release|Any CPU
		{D1AB0A18-A988-4178-8B32-76273364473A}.Debug|Any CPU.ActiveCfg = Debug|Any CPU
		{D1AB0A18-A988-4178-8B32-76273364473A}.Debug|Any CPU.Build.0 = Debug|Any CPU
		{D1AB0A18-A988-4178-8B32-76273364473A}.Release|Any CPU.ActiveCfg = Release|Any CPU
		{D1AB0A18-A988-4178-8B32-76273364473A}.Release|Any CPU.Build.0 = Release|Any CPU
		{F0A1B42A-56E9-4AE8-8A35-49A5A6F4C81C}.Debug|Any CPU.ActiveCfg = Debug|Any CPU
		{F0A1B42A-56E9-4AE8-8A35-49A5A6F4C81C}.Debug|Any CPU.Build.0 = Debug|Any CPU
		{F0A1B42A-56E9-4AE8-8A35-49A5A6F4C81C}.Release|Any CPU.ActiveCfg = Release|Any CPU
		{F0A1B42A-56E9-4AE8-8A35-49A5A6F4C81C}.Release|Any CPU.Build.0 = Release|Any CPU
		{50CD946B-5138-4DBE-854B-C12D20F6D460}.Debug|Any CPU.ActiveCfg = Debug|Any CPU
		{50CD946B-5138-4DBE-854B-C12D20F6D460}.Debug|Any CPU.Build.0 = Debug|Any CPU
		{50CD946B-5138-4DBE-854B-C12D20F6D460}.Release|Any CPU.ActiveCfg = Release|Any CPU
		{50CD946B-5138-4DBE-854B-C12D20F6D460}.Release|Any CPU.Build.0 = Release|Any CPU
		{E4A2512D-C09A-4118-9737-996B0EF258D3}.Debug|Any CPU.ActiveCfg = Debug|Any CPU
		{E4A2512D-C09A-4118-9737-996B0EF258D3}.Debug|Any CPU.Build.0 = Debug|Any CPU
		{E4A2512D-C09A-4118-9737-996B0EF258D3}.Release|Any CPU.ActiveCfg = Release|Any CPU
		{E4A2512D-C09A-4118-9737-996B0EF258D3}.Release|Any CPU.Build.0 = Release|Any CPU
	EndGlobalSection
	GlobalSection(SolutionProperties) = preSolution
		HideSolutionNode = FALSE
	EndGlobalSection
	GlobalSection(ExtensibilityGlobals) = postSolution
		SolutionGuid = {DAA03392-416F-4D40-9F68-DBC7BF54409B}
	EndGlobalSection
EndGlobal
